version = 1
requires-python = ">=3.11"

[[package]]
name = "python-dotenv"
version = "1.0.1"
source = { registry = "https://pypi.org/simple" }
sdist = { url = "https://files.pythonhosted.org/packages/bc/57/e84d88dfe0aec03b7a2d4327012c1627ab5f03652216c63d49846d7a6c58/python-dotenv-1.0.1.tar.gz", hash = "sha256:e324ee90a023d808f1959c46bcbc04446a10ced277783dc6ee09987c37ec10ca", size = 39115 }
wheels = [
    { url = "https://files.pythonhosted.org/packages/6a/3e/b68c118422ec867fa7ab88444e1274aa40681c606d59ac27de5a5588f082/python_dotenv-1.0.1-py3-none-any.whl", hash = "sha256:f7b63ef50f1b690dddf550d03497b66d609393b40b564ed0d674909a68ebf16a", size = 19863 },
]

[[package]]
name = "repl-nix-workspace"
version = "0.1.0"
source = { virtual = "." }
dependencies = [
    { name = "python-dotenv" },
    { name = "websockets" },
]

[package.metadata]
requires-dist = [
    { name = "python-dotenv", specifier = ">=1.0.1" },
    { name = "websockets", specifier = ">=15.0" },
]

[[package]]
name = "websockets"
version = "15.0"
source = { registry = "https://pypi.org/simple" }
sdist = { url = "https://files.pythonhosted.org/packages/2e/7a/8bc4d15af7ff30f7ba34f9a172063bfcee9f5001d7cef04bee800a658f33/websockets-15.0.tar.gz", hash = "sha256:ca36151289a15b39d8d683fd8b7abbe26fc50be311066c5f8dcf3cb8cee107ab", size = 175574 }
wheels = [
    { url = "https://files.pythonhosted.org/packages/ee/16/81a7403c8c0a33383de647e89c07824ea6a654e3877d6ff402cbae298cb8/websockets-15.0-cp311-cp311-macosx_10_9_universal2.whl", hash = "sha256:dd24c4d256558429aeeb8d6c24ebad4e982ac52c50bc3670ae8646c181263965", size = 174702 },
    { url = "https://files.pythonhosted.org/packages/ef/40/4629202386a3bf1195db9fe41baeb1d6dfd8d72e651d9592d81dae7fdc7c/websockets-15.0-cp311-cp311-macosx_10_9_x86_64.whl", hash = "sha256:f83eca8cbfd168e424dfa3b3b5c955d6c281e8fc09feb9d870886ff8d03683c7", size = 172359 },
    { url = "https://files.pythonhosted.org/packages/7b/33/dfb650e822bc7912d8c542c452497867af91dec81e7b5bf96aca5b419d58/websockets-15.0-cp311-cp311-macosx_11_0_arm64.whl", hash = "sha256:4095a1f2093002c2208becf6f9a178b336b7572512ee0a1179731acb7788e8ad", size = 172604 },
    { url = "https://files.pythonhosted.org/packages/2e/52/666743114513fcffd43ee5df261a1eb5d41f8e9861b7a190b730732c19ba/websockets-15.0-cp311-cp311-manylinux_2_17_aarch64.manylinux2014_aarch64.whl", hash = "sha256:fb915101dfbf318486364ce85662bb7b020840f68138014972c08331458d41f3", size = 182145 },
    { url = "https://files.pythonhosted.org/packages/9c/63/5273f146b13aa4a057a95ab0855d9990f3a1ced63693f4365135d1abfacc/websockets-15.0-cp311-cp311-manylinux_2_5_i686.manylinux1_i686.manylinux_2_17_i686.manylinux2014_i686.whl", hash = "sha256:45d464622314973d78f364689d5dbb9144e559f93dca11b11af3f2480b5034e1", size = 181152 },
    { url = "https://files.pythonhosted.org/packages/0f/ae/075697f3f97de7c26b73ae96d952e13fa36393e0db3f028540b28954e0a9/websockets-15.0-cp311-cp311-manylinux_2_5_x86_64.manylinux1_x86_64.manylinux_2_17_x86_64.manylinux2014_x86_64.whl", hash = "sha256:ace960769d60037ca9625b4c578a6f28a14301bd2a1ff13bb00e824ac9f73e55", size = 181523 },
    { url = "https://files.pythonhosted.org/packages/25/87/06d091bbcbe01903bed3dad3bb4a1a3c516f61e611ec31fffb28abe4974b/websockets-15.0-cp311-cp311-musllinux_1_2_aarch64.whl", hash = "sha256:c7cd4b1015d2f60dfe539ee6c95bc968d5d5fad92ab01bb5501a77393da4f596", size = 181791 },
    { url = "https://files.pythonhosted.org/packages/77/08/5063b6cc1b2aa1fba2ee3b578b777db22fde7145f121d07fd878811e983b/websockets-15.0-cp311-cp311-musllinux_1_2_i686.whl", hash = "sha256:4f7290295794b5dec470867c7baa4a14182b9732603fd0caf2a5bf1dc3ccabf3", size = 181231 },
    { url = "https://files.pythonhosted.org/packages/86/ff/af23084df0a7405bb2add12add8c17d6192a8de9480f1b90d12352ba2b7d/websockets-15.0-cp311-cp311-musllinux_1_2_x86_64.whl", hash = "sha256:3abd670ca7ce230d5a624fd3d55e055215d8d9b723adee0a348352f5d8d12ff4", size = 181191 },
    { url = "https://files.pythonhosted.org/packages/21/ce/b2bdfcf49201dee0b899edc6a814755763ec03d74f2714923d38453a9e8d/websockets-15.0-cp311-cp311-win32.whl", hash = "sha256:110a847085246ab8d4d119632145224d6b49e406c64f1bbeed45c6f05097b680", size = 175666 },
    { url = "https://files.pythonhosted.org/packages/8d/7b/444edcd5365538c226b631897975a65bbf5ccf27c77102e17d8f12a306ea/websockets-15.0-cp311-cp311-win_amd64.whl", hash = "sha256:8d7bbbe2cd6ed80aceef2a14e9f1c1b61683194c216472ed5ff33b700e784e37", size = 176105 },
    { url = "https://files.pythonhosted.org/packages/22/1e/92c4547d7b2a93f848aedaf37e9054111bc00dc11bff4385ca3f80dbb412/websockets-15.0-cp312-cp312-macosx_10_13_universal2.whl", hash = "sha256:cccc18077acd34c8072578394ec79563664b1c205f7a86a62e94fafc7b59001f", size = 174709 },
    { url = "https://files.pythonhosted.org/packages/9f/37/eae4830a28061ba552516d84478686b637cd9e57d6a90b45ad69e89cb0af/websockets-15.0-cp312-cp312-macosx_10_13_x86_64.whl", hash = "sha256:d4c22992e24f12de340ca5f824121a5b3e1a37ad4360b4e1aaf15e9d1c42582d", size = 172372 },
    { url = "https://files.pythonhosted.org/packages/46/2f/b409f8b8aa9328d5a47f7a301a43319d540d70cf036d1e6443675978a988/websockets-15.0-cp312-cp312-macosx_11_0_arm64.whl", hash = "sha256:1206432cc6c644f6fc03374b264c5ff805d980311563202ed7fef91a38906276", size = 172607 },
    { url = "https://files.pythonhosted.org/packages/d6/81/d7e2e4542d4b4df849b0110df1b1f94f2647b71ab4b65d672090931ad2bb/websockets-15.0-cp312-cp312-manylinux_2_17_aarch64.manylinux2014_aarch64.whl", hash = "sha256:5d3cc75ef3e17490042c47e0523aee1bcc4eacd2482796107fd59dd1100a44bc", size = 182422 },
    { url = "https://files.pythonhosted.org/packages/b6/91/3b303160938d123eea97f58be363f7dbec76e8c59d587e07b5bc257dd584/websockets-15.0-cp312-cp312-manylinux_2_5_i686.manylinux1_i686.manylinux_2_17_i686.manylinux2014_i686.whl", hash = "sha256:b89504227a5311610e4be16071465885a0a3d6b0e82e305ef46d9b064ce5fb72", size = 181362 },
    { url = "https://files.pythonhosted.org/packages/f2/8b/df6807f1ca339c567aba9a7ab03bfdb9a833f625e8d2b4fc7529e4c701de/websockets-15.0-cp312-cp312-manylinux_2_5_x86_64.manylinux1_x86_64.manylinux_2_17_x86_64.manylinux2014_x86_64.whl", hash = "sha256:56e3efe356416bc67a8e093607315951d76910f03d2b3ad49c4ade9207bf710d", size = 181787 },
    { url = "https://files.pythonhosted.org/packages/21/37/e6d3d5ebb0ebcaf98ae84904205c9dcaf3e0fe93e65000b9f08631ed7309/websockets-15.0-cp312-cp312-musllinux_1_2_aarch64.whl", hash = "sha256:0f2205cdb444a42a7919690238fb5979a05439b9dbb73dd47c863d39640d85ab", size = 182058 },
    { url = "https://files.pythonhosted.org/packages/c9/df/6aca296f2be4c638ad20908bb3d7c94ce7afc8d9b4b2b0780d1fc59b359c/websockets-15.0-cp312-cp312-musllinux_1_2_i686.whl", hash = "sha256:aea01f40995fa0945c020228ab919b8dfc93fc8a9f2d3d705ab5b793f32d9e99", size = 181434 },
    { url = "https://files.pythonhosted.org/packages/88/f1/75717a982bab39bbe63c83f9df0e7753e5c98bab907eb4fb5d97fe5c8c11/websockets-15.0-cp312-cp312-musllinux_1_2_x86_64.whl", hash = "sha256:a9f8e33747b1332db11cf7fcf4a9512bef9748cb5eb4d3f7fbc8c30d75dc6ffc", size = 181431 },
    { url = "https://files.pythonhosted.org/packages/e7/15/cee9e63ed9ac5bfc1a3ae8fc6c02c41745023c21eed622eef142d8fdd749/websockets-15.0-cp312-cp312-win32.whl", hash = "sha256:32e02a2d83f4954aa8c17e03fe8ec6962432c39aca4be7e8ee346b05a3476904", size = 175678 },
    { url = "https://files.pythonhosted.org/packages/4e/00/993974c60f40faabb725d4dbae8b072ef73b4c4454bd261d3b1d34ace41f/websockets-15.0-cp312-cp312-win_amd64.whl", hash = "sha256:ffc02b159b65c05f2ed9ec176b715b66918a674bd4daed48a9a7a590dd4be1aa", size = 176119 },
    { url = "https://files.pythonhosted.org/packages/12/23/be28dc1023707ac51768f848d28a946443041a348ee3a54abdf9f6283372/websockets-15.0-cp313-cp313-macosx_10_13_universal2.whl", hash = "sha256:d2244d8ab24374bed366f9ff206e2619345f9cd7fe79aad5225f53faac28b6b1", size = 174714 },
    { url = "https://files.pythonhosted.org/packages/8f/ff/02b5e9fbb078e7666bf3d25c18c69b499747a12f3e7f2776063ef3fb7061/websockets-15.0-cp313-cp313-macosx_10_13_x86_64.whl", hash = "sha256:3a302241fbe825a3e4fe07666a2ab513edfdc6d43ce24b79691b45115273b5e7", size = 172374 },
    { url = "https://files.pythonhosted.org/packages/8e/61/901c8d4698e0477eff4c3c664d53f898b601fa83af4ce81946650ec2a4cb/websockets-15.0-cp313-cp313-macosx_11_0_arm64.whl", hash = "sha256:10552fed076757a70ba2c18edcbc601c7637b30cdfe8c24b65171e824c7d6081", size = 172605 },
    { url = "https://files.pythonhosted.org/packages/d2/4b/dc47601a80dff317aecf8da7b4ab278d11d3494b2c373b493e4887561f90/websockets-15.0-cp313-cp313-manylinux_2_17_aarch64.manylinux2014_aarch64.whl", hash = "sha256:c53f97032b87a406044a1c33d1e9290cc38b117a8062e8a8b285175d7e2f99c9", size = 182380 },
    { url = "https://files.pythonhosted.org/packages/83/f7/b155d2b38f05ed47a0b8de1c9ea245fcd7fc625d89f35a37eccba34b42de/websockets-15.0-cp313-cp313-manylinux_2_5_i686.manylinux1_i686.manylinux_2_17_i686.manylinux2014_i686.whl", hash = "sha256:1caf951110ca757b8ad9c4974f5cac7b8413004d2f29707e4d03a65d54cedf2b", size = 181325 },
    { url = "https://files.pythonhosted.org/packages/d3/ff/040a20c01c294695cac0e361caf86f33347acc38f164f6d2be1d3e007d9f/websockets-15.0-cp313-cp313-manylinux_2_5_x86_64.manylinux1_x86_64.manylinux_2_17_x86_64.manylinux2014_x86_64.whl", hash = "sha256:8bf1ab71f9f23b0a1d52ec1682a3907e0c208c12fef9c3e99d2b80166b17905f", size = 181763 },
    { url = "https://files.pythonhosted.org/packages/cb/6a/af23e93678fda8341ac8775e85123425e45c608389d3514863c702896ea5/websockets-15.0-cp313-cp313-musllinux_1_2_aarch64.whl", hash = "sha256:bfcd3acc1a81f106abac6afd42327d2cf1e77ec905ae11dc1d9142a006a496b6", size = 182097 },
    { url = "https://files.pythonhosted.org/packages/7e/3e/1069e159c30129dc03c01513b5830237e576f47cedb888777dd885cae583/websockets-15.0-cp313-cp313-musllinux_1_2_i686.whl", hash = "sha256:c8c5c8e1bac05ef3c23722e591ef4f688f528235e2480f157a9cfe0a19081375", size = 181485 },
    { url = "https://files.pythonhosted.org/packages/9a/a7/c91c47103f1cd941b576bbc452601e9e01f67d5c9be3e0a9abe726491ab5/websockets-15.0-cp313-cp313-musllinux_1_2_x86_64.whl", hash = "sha256:86bfb52a9cfbcc09aba2b71388b0a20ea5c52b6517c0b2e316222435a8cdab72", size = 181466 },
    { url = "https://files.pythonhosted.org/packages/16/32/a4ca6e3d56c24aac46b0cf5c03b841379f6409d07fc2044b244f90f54105/websockets-15.0-cp313-cp313-win32.whl", hash = "sha256:26ba70fed190708551c19a360f9d7eca8e8c0f615d19a574292b7229e0ae324c", size = 175673 },
    { url = "https://files.pythonhosted.org/packages/c0/31/25a417a23e985b61ffa5544f9facfe4a118cb64d664c886f1244a8baeca5/websockets-15.0-cp313-cp313-win_amd64.whl", hash = "sha256:ae721bcc8e69846af00b7a77a220614d9b2ec57d25017a6bbde3a99473e41ce8", size = 176115 },
    { url = "https://files.pythonhosted.org/packages/e8/b2/31eec524b53f01cd8343f10a8e429730c52c1849941d1f530f8253b6d934/websockets-15.0-py3-none-any.whl", hash = "sha256:51ffd53c53c4442415b613497a34ba0aa7b99ac07f1e4a62db5dcd640ae6c3c3", size = 169023 },
]
